# This file is automatically @generated by Poetry 2.1.2 and should not be changed by hand.

[[package]]
name = "javascript"
version = "1!1.2.2"
description = "Call and interop Node.js APIs with Python"
optional = false
python-versions = "<4,>=3.7"
groups = ["main"]
files = [
    {file = "javascript-1!1.2.2-py3-none-any.whl", hash = "sha256:6efbe8f481bdfd1d4aa7d3e5c412cad75db0f436b90f0587bbe20a2adb553957"},
    {file = "javascript-1!1.2.2.tar.gz", hash = "sha256:a21f403c59683fa486bf166944c9bd7a545a5f4fcbc88ca6ed96ed9d61fb10b8"},
]

[package.extras]
dev = ["check-manifest"]
test = ["coverage"]

[metadata]
lock-version = "2.1"
python-versions = ">=3.9,<4"
content-hash = "03dc40f82dedb194b508915a515f6efc458970def836b2ffe786dbe453e31ef1"
